{
    "_readme": [
        "This file locks the dependencies of your project to a known state",
        "Read more about it at https://getcomposer.org/doc/01-basic-usage.md#installing-dependencies",
        "This file is @generated automatically"
    ],
    "content-hash": "2744679d99239406c5eae3998c85ecb2",
    "packages": [
        {
            "name": "xapps-platform/xapps-backend-kit",
            "version": "0.2.2",
            "source": {
                "type": "git",
                "url": "https://github.com/0x730/xapps-backend-kit-php.git",
                "reference": "d7ebb7a8369cdb23ff48a681a1e58bcc77cc9c0f"
            },
            "dist": {
                "type": "zip",
                "url": "https://api.github.com/repos/0x730/xapps-backend-kit-php/zipball/d7ebb7a8369cdb23ff48a681a1e58bcc77cc9c0f",
                "reference": "d7ebb7a8369cdb23ff48a681a1e58bcc77cc9c0f",
                "shasum": ""
            },
            "require": {
                "php": "^8.2",
                "xapps-platform/xapps-php": "^0.2.1"
            },
            "type": "library",
            "autoload": {
                "files": [
                    "src/functions.php"
                ],
                "psr-4": {
                    "Xapps\\BackendKit\\": "src/"
                }
            },
            "notification-url": "https://packagist.org/downloads/",
            "license": [
                "MIT"
            ],
            "authors": [
                {
                    "name": "Daniel Vladescu",
                    "email": "daniel.vladescu@gmail.com"
                }
            ],
            "description": "Modular PHP backend kit for the current Xapps backend contract (tenant surface today, shared actor-adapter direction later)",
            "homepage": "https://gateway.0x730.com",
            "support": {
                "issues": "https://github.com/0x730/xapps-sdk-php/issues",
                "source": "https://github.com/0x730/xapps-sdk-php/tree/main/packages/xapps-backend-kit-php"
            },
            "time": "2026-04-03T17:52:26+00:00"
        },
        {
            "name": "xapps-platform/xapps-php",
            "version": "0.2.1",
            "source": {
                "type": "git",
                "url": "https://github.com/0x730/xapps-php.git",
                "reference": "40da99db572acf01f0f46801de325fd4565123e3"
            },
            "dist": {
                "type": "zip",
                "url": "https://api.github.com/repos/0x730/xapps-php/zipball/40da99db572acf01f0f46801de325fd4565123e3",
                "reference": "40da99db572acf01f0f46801de325fd4565123e3",
                "shasum": ""
            },
            "require": {
                "php": "^8.2"
            },
            "type": "library",
            "autoload": {
                "psr-4": {
                    "Xapps\\": "src/"
                }
            },
            "notification-url": "https://packagist.org/downloads/",
            "license": [
                "MIT"
            ],
            "authors": [
                {
                    "name": "Daniel Vladescu",
                    "email": "daniel.vladescu@gmail.com"
                }
            ],
            "description": "PHP SDK for Xapps publisher/tenant backend integrations",
            "homepage": "https://gateway.0x730.com",
            "support": {
                "issues": "https://github.com/0x730/xapps-sdk-php/issues",
                "source": "https://github.com/0x730/xapps-sdk-php/tree/main/packages/xapps-php"
            },
            "time": "2026-04-03T17:31:41+00:00"
        }
    ],
    "packages-dev": [],
    "aliases": [],
    "minimum-stability": "stable",
    "stability-flags": [],
    "prefer-stable": true,
    "prefer-lowest": false,
    "platform": {
        "php": "^8.2"
    },
    "platform-dev": [],
    "plugin-api-version": "2.6.0"
}
