{
    "_readme": [
        "This file locks the dependencies of your project to a known state",
        "Read more about it at https://getcomposer.org/doc/01-basic-usage.md#installing-dependencies",
        "This file is @generated automatically"
    ],
    "content-hash": "f1cf2a6dd49bce8477ce70ce0035f6e3",
    "packages": [
        {
            "name": "xapps-platform/xapps-backend-kit",
            "version": "0.2.11",
            "dist": {
                "type": "path",
                "url": "../../../../packages/xapps-backend-kit-php",
                "reference": "1bebf885d61a1a1474b35963f8a7ee37c65eb092"
            },
            "require": {
                "php": "^8.2",
                "xapps-platform/xapps-php": "^0.2.10"
            },
            "type": "library",
            "autoload": {
                "psr-4": {
                    "Xapps\\BackendKit\\": "src/"
                },
                "files": [
                    "src/functions.php"
                ]
            },
            "scripts": {
                "test": [
                    "@php test/run.php"
                ],
                "smoke": [
                    "@php examples/smoke/smoke.php"
                ]
            },
            "license": [
                "MIT"
            ],
            "authors": [
                {
                    "name": "Daniel Vladescu",
                    "email": "daniel.vladescu@gmail.com"
                }
            ],
            "description": "Modular PHP backend kit for the current Xapps backend contract (tenant surface today, shared actor-adapter direction later)",
            "homepage": "https://gateway.0x730.com",
            "support": {
                "issues": "https://github.com/0x730/xapps-sdk-php/issues",
                "source": "https://github.com/0x730/xapps-sdk-php/tree/main/packages/xapps-backend-kit-php"
            },
            "transport-options": {
                "symlink": true,
                "relative": true
            }
        },
        {
            "name": "xapps-platform/xapps-php",
            "version": "0.2.10",
            "dist": {
                "type": "path",
                "url": "../../../../packages/xapps-php",
                "reference": "e5e09553ea1cc163baf50babb492a4a1848f54a5"
            },
            "require": {
                "php": "^8.2"
            },
            "type": "library",
            "autoload": {
                "psr-4": {
                    "Xapps\\": "src/"
                }
            },
            "scripts": {
                "test": [
                    "@php test/run.php"
                ],
                "smoke": [
                    "@php examples/smoke/smoke.php"
                ],
                "parity": [
                    "@php test/run.php"
                ]
            },
            "license": [
                "MIT"
            ],
            "authors": [
                {
                    "name": "Daniel Vladescu",
                    "email": "daniel.vladescu@gmail.com"
                }
            ],
            "description": "PHP SDK for Xapps publisher/tenant backend integrations",
            "homepage": "https://gateway.0x730.com",
            "support": {
                "issues": "https://github.com/0x730/xapps-sdk-php/issues",
                "source": "https://github.com/0x730/xapps-sdk-php/tree/main/packages/xapps-php"
            },
            "transport-options": {
                "symlink": true,
                "relative": true
            }
        }
    ],
    "packages-dev": [],
    "aliases": [],
    "minimum-stability": "stable",
    "stability-flags": [],
    "prefer-stable": true,
    "prefer-lowest": false,
    "platform": {
        "php": "^8.2"
    },
    "platform-dev": [],
    "plugin-api-version": "2.6.0"
}
