{
    "_readme": [
        "This file locks the dependencies of your project to a known state",
        "Read more about it at https://getcomposer.org/doc/01-basic-usage.md#installing-dependencies",
        "This file is @generated automatically"
    ],
    "content-hash": "6a840b6b1ba09c08ff052a2e8a6ee34e",
    "packages": [
        {
            "name": "xapps-platform/xapps-backend-kit",
            "version": "0.2.10",
            "source": {
                "type": "git",
                "url": "https://github.com/0x730/xapps-backend-kit-php.git",
                "reference": "99b53fe29c5e0916e398f44028d72bbceb1430d3"
            },
            "dist": {
                "type": "zip",
                "url": "https://api.github.com/repos/0x730/xapps-backend-kit-php/zipball/99b53fe29c5e0916e398f44028d72bbceb1430d3",
                "reference": "99b53fe29c5e0916e398f44028d72bbceb1430d3",
                "shasum": ""
            },
            "require": {
                "php": "^8.2",
                "xapps-platform/xapps-php": "^0.2.8"
            },
            "type": "library",
            "autoload": {
                "files": [
                    "src/functions.php"
                ],
                "psr-4": {
                    "Xapps\\BackendKit\\": "src/"
                }
            },
            "notification-url": "https://packagist.org/downloads/",
            "license": [
                "MIT"
            ],
            "authors": [
                {
                    "name": "Daniel Vladescu",
                    "email": "daniel.vladescu@gmail.com"
                }
            ],
            "description": "Modular PHP backend kit for the current Xapps backend contract (tenant surface today, shared actor-adapter direction later)",
            "homepage": "https://gateway.0x730.com",
            "support": {
                "issues": "https://github.com/0x730/xapps-sdk-php/issues",
                "source": "https://github.com/0x730/xapps-sdk-php/tree/main/packages/xapps-backend-kit-php"
            },
            "time": "2026-04-18T18:57:05+00:00"
        },
        {
            "name": "xapps-platform/xapps-php",
            "version": "0.2.9",
            "source": {
                "type": "git",
                "url": "https://github.com/0x730/xapps-php.git",
                "reference": "474f700730529702d0bbf1b6e2aaf342eefed176"
            },
            "dist": {
                "type": "zip",
                "url": "https://api.github.com/repos/0x730/xapps-php/zipball/474f700730529702d0bbf1b6e2aaf342eefed176",
                "reference": "474f700730529702d0bbf1b6e2aaf342eefed176",
                "shasum": ""
            },
            "require": {
                "php": "^8.2"
            },
            "type": "library",
            "autoload": {
                "psr-4": {
                    "Xapps\\": "src/"
                }
            },
            "notification-url": "https://packagist.org/downloads/",
            "license": [
                "MIT"
            ],
            "authors": [
                {
                    "name": "Daniel Vladescu",
                    "email": "daniel.vladescu@gmail.com"
                }
            ],
            "description": "PHP SDK for Xapps publisher/tenant backend integrations",
            "homepage": "https://gateway.0x730.com",
            "support": {
                "issues": "https://github.com/0x730/xapps-sdk-php/issues",
                "source": "https://github.com/0x730/xapps-sdk-php/tree/main/packages/xapps-php"
            },
            "time": "2026-04-18T18:57:19+00:00"
        }
    ],
    "packages-dev": [],
    "aliases": [],
    "minimum-stability": "stable",
    "stability-flags": [],
    "prefer-stable": true,
    "prefer-lowest": false,
    "platform": {
        "php": "^8.2"
    },
    "platform-dev": [],
    "plugin-api-version": "2.6.0"
}
